
Microsoft Visual Studio Solution File, Format Version 12.00
# Visual Studio Version 17
VisualStudioVersion = 17.9.34728.123
MinimumVisualStudioVersion = 10.0.40219.1
Project("{FAE04EC0-301F-11D3-BF4B-00C04F79EFBC}") = "Win-Otimization", "Win-Otimization\Win-Otimization.csproj", "{A5EB61BC-5658-4ED5-BA41-6C8D4E90E554}"
EndProject
Global
	GlobalSection(SolutionConfigurationPlatforms) = preSolution
		Debug|Any CPU = Debug|Any CPU
		Release|Any CPU = Release|Any CPU
	EndGlobalSection
	GlobalSection(ProjectConfigurationPlatforms) = postSolution
		{A5EB61BC-5658-4ED5-BA41-6C8D4E90E554}.Debug|Any CPU.ActiveCfg = Debug|Any CPU
		{A5EB61BC-5658-4ED5-BA41-6C8D4E90E554}.Debug|Any CPU.Build.0 = Debug|Any CPU
		{A5EB61BC-5658-4ED5-BA41-6C8D4E90E554}.Release|Any CPU.ActiveCfg = Release|Any CPU
		{A5EB61BC-5658-4ED5-BA41-6C8D4E90E554}.Release|Any CPU.Build.0 = Release|Any CPU
	EndGlobalSection
	GlobalSection(SolutionProperties) = preSolution
		HideSolutionNode = FALSE
	EndGlobalSection
	GlobalSection(ExtensibilityGlobals) = postSolution
		SolutionGuid = {2A722EBF-F77F-4D2A-AE64-59FE9A56107A}
	EndGlobalSection
EndGlobal
